{
  "requires": true,
  "lockfileVersion": 1,
  "dependencies": {
    "eslint-plugin-formatting": {
      "version": "0.0.4",
      "resolved": "https://registry.npmjs.org/eslint-plugin-formatting/-/eslint-plugin-formatting-0.0.4.tgz",
      "integrity": "sha1-DpsPtHj2iQwuRgxmlphBHZIt3UQ=",
      "dev": true
    }
  }
}
